
Microsoft Visual Studio Solution File, Format Version 12.00
# Visual Studio Version 17
VisualStudioVersion = 17.8.34309.116
MinimumVisualStudioVersion = 10.0.40219.1
Project("{FAE04EC0-301F-11D3-BF4B-00C04F79EFBC}") = "Units", "Units\Units.csproj", "{596E87D9-3F38-44B8-AD04-D9B5E8E07BB9}"
EndProject
Project("{FAE04EC0-301F-11D3-BF4B-00C04F79EFBC}") = "Units.Test", "Units.Test\Units.Test.csproj", "{47D837DA-8180-4024-9EA7-36EB4EF1C608}"
EndProject
Global
	GlobalSection(SolutionConfigurationPlatforms) = preSolution
		Debug|Any CPU = Debug|Any CPU
		Release|Any CPU = Release|Any CPU
	EndGlobalSection
	GlobalSection(ProjectConfigurationPlatforms) = postSolution
		{596E87D9-3F38-44B8-AD04-D9B5E8E07BB9}.Debug|Any CPU.ActiveCfg = Debug|Any CPU
		{596E87D9-3F38-44B8-AD04-D9B5E8E07BB9}.Debug|Any CPU.Build.0 = Debug|Any CPU
		{596E87D9-3F38-44B8-AD04-D9B5E8E07BB9}.Release|Any CPU.ActiveCfg = Release|Any CPU
		{596E87D9-3F38-44B8-AD04-D9B5E8E07BB9}.Release|Any CPU.Build.0 = Release|Any CPU
		{47D837DA-8180-4024-9EA7-36EB4EF1C608}.Debug|Any CPU.ActiveCfg = Debug|Any CPU
		{47D837DA-8180-4024-9EA7-36EB4EF1C608}.Debug|Any CPU.Build.0 = Debug|Any CPU
		{47D837DA-8180-4024-9EA7-36EB4EF1C608}.Release|Any CPU.ActiveCfg = Release|Any CPU
		{47D837DA-8180-4024-9EA7-36EB4EF1C608}.Release|Any CPU.Build.0 = Release|Any CPU
	EndGlobalSection
	GlobalSection(SolutionProperties) = preSolution
		HideSolutionNode = FALSE
	EndGlobalSection
	GlobalSection(ExtensibilityGlobals) = postSolution
		SolutionGuid = {BEE3CE52-A987-48BB-A4C5-15C774D9D5FF}
	EndGlobalSection
EndGlobal
